<?xml version="1.0" encoding="utf-8"?>
<Project ToolsVersion="4.0" xmlns="http://schemas.microsoft.com/developer/msbuild/2003">
  <ItemGroup>
    <Filter Include="소스 파일">
      <UniqueIdentifier>{4FC737F1-C7A5-4376-A066-2A32D752A2FF}</UniqueIdentifier>
      <Extensions>cpp;c;cc;cxx;def;odl;idl;hpj;bat;asm;asmx</Extensions>
    </Filter>
    <Filter Include="헤더 파일">
      <UniqueIdentifier>{93995380-89BD-4b04-88EB-625FBE52EBFB}</UniqueIdentifier>
      <Extensions>h;hh;hpp;hxx;hm;inl;inc;ipp;xsd</Extensions>
    </Filter>
    <Filter Include="D12App">
      <UniqueIdentifier>{f1d175c1-594c-4e78-87b6-9cb83d0f6093}</UniqueIdentifier>
    </Filter>
    <Filter Include="UI">
      <UniqueIdentifier>{3334d577-1f3b-44c1-90e5-e3b1a0ae70b2}</UniqueIdentifier>
    </Filter>
    <Filter Include="ManagedClass">
      <UniqueIdentifier>{33d45329-906b-4787-a11b-b09e9f54e71a}</UniqueIdentifier>
    </Filter>
    <Filter Include="ManagedClass\cRenderItemMG">
      <UniqueIdentifier>{1dc54cdc-8e5b-49e8-ac62-1ff336cf7bb9}</UniqueIdentifier>
    </Filter>
    <Filter Include="ManagedClass\cFontMG">
      <UniqueIdentifier>{5d038177-4056-4fcb-88fd-aed99b4518eb}</UniqueIdentifier>
    </Filter>
    <Filter Include="Objects">
      <UniqueIdentifier>{b5fb56ba-0e4a-4c6c-a811-c774bb0ac8f7}</UniqueIdentifier>
    </Filter>
    <Filter Include="Objects\ElementObject">
      <UniqueIdentifier>{a48e8c07-d0ec-4ebd-b60f-eb44946d9f64}</UniqueIdentifier>
    </Filter>
    <Filter Include="ManagedClass\cInputDeviceMG">
      <UniqueIdentifier>{3e4a0b16-91bb-4d7b-833b-f67734f2cfee}</UniqueIdentifier>
    </Filter>
    <Filter Include="cOperation">
      <UniqueIdentifier>{b3364ae8-48ae-493f-889b-d5de058b2465}</UniqueIdentifier>
    </Filter>
    <Filter Include="cOperation\cOperator">
      <UniqueIdentifier>{6d30d187-8d9c-46a8-ac4e-57aabe59dc80}</UniqueIdentifier>
    </Filter>
    <Filter Include="UI\cButtonCollector">
      <UniqueIdentifier>{4a72d741-81e4-4a35-9d4f-d4b15d2d3e45}</UniqueIdentifier>
    </Filter>
    <Filter Include="D12App\D12D3Maaax">
      <UniqueIdentifier>{eb152862-70fb-4054-9644-bb43ce0d9057}</UniqueIdentifier>
    </Filter>
    <Filter Include="D12App\D12D3Maaax\cTextureHeap">
      <UniqueIdentifier>{39fe9927-055d-4dfd-8544-b5e7e745c8ef}</UniqueIdentifier>
    </Filter>
    <Filter Include="D12App\D12D3Maaax\cCamera">
      <UniqueIdentifier>{39310a70-d4d4-4197-92f1-423419117506}</UniqueIdentifier>
    </Filter>
    <Filter Include="cOperation\MainOper">
      <UniqueIdentifier>{60a113f6-e3a4-4c3c-90e3-7bc3cfdaf40f}</UniqueIdentifier>
    </Filter>
    <Filter Include="ManagedClass\cMeshgeometryMG">
      <UniqueIdentifier>{34c6fa8f-2c01-4561-8c16-94db40c3c667}</UniqueIdentifier>
    </Filter>
    <Filter Include="ManagedClass\D12Util">
      <UniqueIdentifier>{44675d16-ea4e-4a06-a938-4cdff2c794a8}</UniqueIdentifier>
    </Filter>
    <Filter Include="cOperation\MeshOper">
      <UniqueIdentifier>{582a8552-9196-434d-ba07-80bfd9491580}</UniqueIdentifier>
    </Filter>
    <Filter Include="cOperation\DrawOper">
      <UniqueIdentifier>{6db0a8e6-c16b-4100-8230-a2dc1f4961d6}</UniqueIdentifier>
    </Filter>
    <Filter Include="Objects\ElementObject\Draws">
      <UniqueIdentifier>{74b12965-073b-4868-b2f8-eb3f5436c60c}</UniqueIdentifier>
    </Filter>
    <Filter Include="Objects\Meshs">
      <UniqueIdentifier>{c6c5c7e8-9b4d-4cf0-b4dc-10b5402db280}</UniqueIdentifier>
    </Filter>
    <Filter Include="UI\cUITypes">
      <UniqueIdentifier>{fb4b6f31-b4d8-450b-babe-4cc37b252508}</UniqueIdentifier>
    </Filter>
    <Filter Include="ManagedClass\cUIObjectMG">
      <UniqueIdentifier>{30680e04-0d82-4770-966a-73142a8b1d1d}</UniqueIdentifier>
    </Filter>
    <Filter Include="리소스 파일">
      <UniqueIdentifier>{67DA6AB6-F800-4c08-8B7A-83BB121AAD01}</UniqueIdentifier>
      <Extensions>rc;ico;cur;bmp;dlg;rc2;rct;bin;rgs;gif;jpg;jpeg;jpe;resx;tiff;tif;png;wav;mfcribbon-ms</Extensions>
    </Filter>
  </ItemGroup>
  <ItemGroup>
    <ClInclude Include="stdafx.h">
      <Filter>헤더 파일</Filter>
    </ClInclude>
    <ClInclude Include="targetver.h">
      <Filter>헤더 파일</Filter>
    </ClInclude>
    <ClInclude Include="Resource.h">
      <Filter>헤더 파일</Filter>
    </ClInclude>
    <ClInclude Include="05_Texture.h">
      <Filter>헤더 파일</Filter>
    </ClInclude>
    <ClInclude Include="D12Util.h">
      <Filter>ManagedClass\D12Util</Filter>
    </ClInclude>
    <ClInclude Include="D12App.h">
      <Filter>D12App</Filter>
    </ClInclude>
    <ClInclude Include="cRenderItemMG.h">
      <Filter>ManagedClass\cRenderItemMG</Filter>
    </ClInclude>
    <ClInclude Include="cObejct.h">
      <Filter>Objects</Filter>
    </ClInclude>
    <ClInclude Include="cTextureHeap.h">
      <Filter>D12App\D12D3Maaax\cTextureHeap</Filter>
    </ClInclude>
    <ClInclude Include="GameTimer.h">
      <Filter>ManagedClass\D12Util</Filter>
    </ClInclude>
    <ClInclude Include="GeometryGenerator.h">
      <Filter>ManagedClass\D12Util</Filter>
    </ClInclude>
    <ClInclude Include="FrameResource.h">
      <Filter>ManagedClass\D12Util</Filter>
    </ClInclude>
    <ClInclude Include="cCamera.h">
      <Filter>D12App\D12D3Maaax\cCamera</Filter>
    </ClInclude>
    <ClInclude Include="UploadBuffer.h">
      <Filter>ManagedClass\D12Util</Filter>
    </ClInclude>
    <ClInclude Include="cUIObject.h">
      <Filter>UI</Filter>
    </ClInclude>
    <ClInclude Include="cFontManager.h">
      <Filter>ManagedClass\cFontMG</Filter>
    </ClInclude>
    <ClInclude Include="cOcTree.h">
      <Filter>ManagedClass\D12Util</Filter>
    </ClInclude>
    <ClInclude Include="cPercentageValueSet.h">
      <Filter>ManagedClass\D12Util</Filter>
    </ClInclude>
    <ClInclude Include="D12D3Maaax.h">
      <Filter>D12App\D12D3Maaax</Filter>
    </ClInclude>
    <ClInclude Include="cDrawElement.h">
      <Filter>Objects\ElementObject</Filter>
    </ClInclude>
    <ClInclude Include="cOperation.h">
      <Filter>cOperation</Filter>
    </ClInclude>
    <ClInclude Include="cOperator.h">
      <Filter>cOperation\cOperator</Filter>
    </ClInclude>
    <ClInclude Include="cButtonCollector.h">
      <Filter>UI\cButtonCollector</Filter>
    </ClInclude>
    <ClInclude Include="cObjectCoordinator.h">
      <Filter>ManagedClass</Filter>
    </ClInclude>
    <ClInclude Include="cDrawDot.h">
      <Filter>Objects\ElementObject\Draws</Filter>
    </ClInclude>
    <ClInclude Include="cDrawLines.h">
      <Filter>Objects\ElementObject\Draws</Filter>
    </ClInclude>
    <ClInclude Include="cDrawPlane.h">
      <Filter>Objects\ElementObject\Draws</Filter>
    </ClInclude>
    <ClInclude Include="cOper_Add_Draws.h">
      <Filter>cOperation\MainOper</Filter>
    </ClInclude>
    <ClInclude Include="cOper_Add_Mesh.h">
      <Filter>cOperation\MainOper</Filter>
    </ClInclude>
    <ClInclude Include="cMeshgeometryMG.h">
      <Filter>ManagedClass\cMeshgeometryMG</Filter>
    </ClInclude>
    <ClInclude Include="cOper_Add_Dot.h">
      <Filter>cOperation\DrawOper</Filter>
    </ClInclude>
    <ClInclude Include="cOper_Add_Line.h">
      <Filter>cOperation\DrawOper</Filter>
    </ClInclude>
    <ClInclude Include="cOper_Add_Plane.h">
      <Filter>cOperation\MainOper</Filter>
    </ClInclude>
    <ClInclude Include="cOper_Push_Mesh.h">
      <Filter>cOperation\MeshOper</Filter>
    </ClInclude>
    <ClInclude Include="cCSGObject.h">
      <Filter>Objects</Filter>
    </ClInclude>
    <ClInclude Include="cMesh.h">
      <Filter>Objects\Meshs</Filter>
    </ClInclude>
    <ClInclude Include="cUIButton.h">
      <Filter>UI\cUITypes</Filter>
    </ClInclude>
    <ClInclude Include="cUIOperWindow.h">
      <Filter>UI\cUITypes</Filter>
    </ClInclude>
    <ClInclude Include="cUIObjectMG.h">
      <Filter>ManagedClass\cUIObjectMG</Filter>
    </ClInclude>
    <ClInclude Include="cInputDeviceMG.h">
      <Filter>ManagedClass\cInputDeviceMG</Filter>
    </ClInclude>
  </ItemGroup>
  <ItemGroup>
    <ClCompile Include="stdafx.cpp">
      <Filter>소스 파일</Filter>
    </ClCompile>
    <ClCompile Include="05_Texture.cpp">
      <Filter>소스 파일</Filter>
    </ClCompile>
    <ClCompile Include="D12Util.cpp">
      <Filter>ManagedClass\D12Util</Filter>
    </ClCompile>
    <ClCompile Include="D12App.cpp">
      <Filter>D12App</Filter>
    </ClCompile>
    <ClCompile Include="cRenderItemMG.cpp">
      <Filter>ManagedClass\cRenderItemMG</Filter>
    </ClCompile>
    <ClCompile Include="cObejct.cpp">
      <Filter>Objects</Filter>
    </ClCompile>
    <ClCompile Include="cTextureHeap.cpp">
      <Filter>D12App\D12D3Maaax\cTextureHeap</Filter>
    </ClCompile>
    <ClCompile Include="GeometryGenerator.cpp">
      <Filter>ManagedClass\D12Util</Filter>
    </ClCompile>
    <ClCompile Include="MathHelper.cpp">
      <Filter>ManagedClass\D12Util</Filter>
    </ClCompile>
    <ClCompile Include="GameTimer.cpp">
      <Filter>ManagedClass\D12Util</Filter>
    </ClCompile>
    <ClCompile Include="cCamera.cpp">
      <Filter>D12App\D12D3Maaax\cCamera</Filter>
    </ClCompile>
    <ClCompile Include="cUIObject.cpp">
      <Filter>UI</Filter>
    </ClCompile>
    <ClCompile Include="cFontManager.cpp">
      <Filter>ManagedClass\cFontMG</Filter>
    </ClCompile>
    <ClCompile Include="cOcTree.cpp">
      <Filter>ManagedClass\D12Util</Filter>
    </ClCompile>
    <ClCompile Include="cPercentageValueSet.cpp">
      <Filter>ManagedClass\D12Util</Filter>
    </ClCompile>
    <ClCompile Include="D12D3Maaax.cpp">
      <Filter>D12App\D12D3Maaax</Filter>
    </ClCompile>
    <ClCompile Include="cInputDeviceMG.cpp">
      <Filter>ManagedClass\cInputDeviceMG</Filter>
    </ClCompile>
    <ClCompile Include="cDrawElement.cpp">
      <Filter>Objects\ElementObject</Filter>
    </ClCompile>
    <ClCompile Include="cOperation.cpp">
      <Filter>cOperation</Filter>
    </ClCompile>
    <ClCompile Include="cOperator.cpp">
      <Filter>cOperation\cOperator</Filter>
    </ClCompile>
    <ClCompile Include="cButtonCollector.cpp">
      <Filter>UI\cButtonCollector</Filter>
    </ClCompile>
    <ClCompile Include="cObjectCoordinator.cpp">
      <Filter>ManagedClass</Filter>
    </ClCompile>
    <ClCompile Include="cDrawDot.cpp">
      <Filter>Objects\ElementObject\Draws</Filter>
    </ClCompile>
    <ClCompile Include="cDrawLines.cpp">
      <Filter>Objects\ElementObject\Draws</Filter>
    </ClCompile>
    <ClCompile Include="cDrawPlane.cpp">
      <Filter>Objects\ElementObject\Draws</Filter>
    </ClCompile>
    <ClCompile Include="cOper_Add_Draws.cpp">
      <Filter>cOperation\MainOper</Filter>
    </ClCompile>
    <ClCompile Include="cOper_Add_Mesh.cpp">
      <Filter>cOperation\MainOper</Filter>
    </ClCompile>
    <ClCompile Include="cMeshgeometryMG.cpp">
      <Filter>ManagedClass\cMeshgeometryMG</Filter>
    </ClCompile>
    <ClCompile Include="cOper_Add_Dot.cpp">
      <Filter>cOperation\DrawOper</Filter>
    </ClCompile>
    <ClCompile Include="cOper_Add_Line.cpp">
      <Filter>cOperation\DrawOper</Filter>
    </ClCompile>
    <ClCompile Include="cOper_Add_Plane.cpp">
      <Filter>cOperation\MainOper</Filter>
    </ClCompile>
    <ClCompile Include="cOper_Push_Mesh.cpp">
      <Filter>cOperation\MeshOper</Filter>
    </ClCompile>
    <ClCompile Include="cCSGObject.cpp">
      <Filter>Objects</Filter>
    </ClCompile>
    <ClCompile Include="cMesh.cpp">
      <Filter>Objects\Meshs</Filter>
    </ClCompile>
    <ClCompile Include="cUIButton.cpp">
      <Filter>UI\cUITypes</Filter>
    </ClCompile>
    <ClCompile Include="cUIOperWindow.cpp">
      <Filter>UI\cUITypes</Filter>
    </ClCompile>
    <ClCompile Include="cUIObjectMG.cpp">
      <Filter>ManagedClass\cUIObjectMG</Filter>
    </ClCompile>
  </ItemGroup>
  <ItemGroup>
    <ResourceCompile Include="05_Texture.rc">
      <Filter>리소스 파일</Filter>
    </ResourceCompile>
  </ItemGroup>
  <ItemGroup>
    <Image Include="small.ico">
      <Filter>리소스 파일</Filter>
    </Image>
    <Image Include="05_Texture.ico">
      <Filter>리소스 파일</Filter>
    </Image>
  </ItemGroup>
  <ItemGroup>
    <FxCompile Include="Shaders\Default.hlsl">
      <Filter>리소스 파일</Filter>
    </FxCompile>
    <FxCompile Include="Shaders\LightingUtil.hlsl">
      <Filter>리소스 파일</Filter>
    </FxCompile>
    <FxCompile Include="Shaders\UIShader.hlsl">
      <Filter>리소스 파일</Filter>
    </FxCompile>
    <FxCompile Include="ShadowShader.hlsl">
      <Filter>리소스 파일</Filter>
    </FxCompile>
    <FxCompile Include="Shaders\DrawElementSahder.hlsl">
      <Filter>리소스 파일</Filter>
    </FxCompile>
    <FxCompile Include="Shaders\Common.hlsl">
      <Filter>리소스 파일</Filter>
    </FxCompile>
    <FxCompile Include="BezierGeometry.hlsl">
      <Filter>리소스 파일</Filter>
    </FxCompile>
    <FxCompile Include="Shaders\CubeMapShader.hlsl">
      <Filter>리소스 파일</Filter>
    </FxCompile>
  </ItemGroup>
</Project>